<?xml version="1.0" encoding="utf-8"?>
<Project ToolsVersion="4.0" xmlns="http://schemas.microsoft.com/developer/msbuild/2003">
  <ItemGroup>
    <Filter Include="Source Files">
      <UniqueIdentifier>{4FC737F1-C7A5-4376-A066-2A32D752A2FF}</UniqueIdentifier>
      <Extensions>cpp;c;cc;cxx;c++;cppm;ixx;def;odl;idl;hpj;bat;asm;asmx</Extensions>
    </Filter>
    <Filter Include="Header Files">
      <UniqueIdentifier>{93995380-89BD-4b04-88EB-625FBE52EBFB}</UniqueIdentifier>
      <Extensions>h;hh;hpp;hxx;h++;hm;inl;inc;ipp;xsd</Extensions>
    </Filter>
    <Filter Include="Resource Files">
      <UniqueIdentifier>{67DA6AB6-F800-4c08-8B7A-83BB121AAD01}</UniqueIdentifier>
      <Extensions>rc;ico;cur;bmp;dlg;rc2;rct;bin;rgs;gif;jpg;jpeg;jpe;resx;tiff;tif;png;wav;mfcribbon-ms</Extensions>
    </Filter>
  </ItemGroup>
  <ItemGroup>
    <ClInclude Include="include\ltfec\version.h">
      <Filter>Header Files</Filter>
    </ClInclude>
    <ClInclude Include="fec_core\gf256.h">
      <Filter>Header Files</Filter>
    </ClInclude>
    <ClInclude Include="fec_core\xor_parity.h">
      <Filter>Header Files</Filter>
    </ClInclude>
    <ClInclude Include="frame_io.h">
      <Filter>Header Files</Filter>
    </ClInclude>
    <ClInclude Include="include\ltfec\protocol\frame_builder.h">
      <Filter>Header Files</Filter>
    </ClInclude>
    <ClInclude Include="include\ltfec\transport\ip.h">
      <Filter>Header Files</Filter>
    </ClInclude>
    <ClInclude Include="include\ltfec\transport\udp_asio.h">
      <Filter>Header Files</Filter>
    </ClInclude>
    <ClInclude Include="include\ltfec\util\crc32c.h">
      <Filter>Header Files</Filter>
    </ClInclude>
    <ClInclude Include="include\ltfec\util\endian.h">
      <Filter>Header Files</Filter>
    </ClInclude>
    <ClInclude Include="pipeline\block.h">
      <Filter>Header Files</Filter>
    </ClInclude>
    <ClInclude Include="protocol\frame.h">
      <Filter>Header Files</Filter>
    </ClInclude>
    <ClInclude Include="protocol\ids.h">
      <Filter>Header Files</Filter>
    </ClInclude>
    <ClInclude Include="sim\model.h">
      <Filter>Header Files</Filter>
    </ClInclude>
    <ClInclude Include="transport\udp.h">
      <Filter>Header Files</Filter>
    </ClInclude>
    <ClInclude Include="include\ltfec\sim\rng.h">
      <Filter>Header Files</Filter>
    </ClInclude>
    <ClInclude Include="include\ltfec\sim\loss.h">
      <Filter>Header Files</Filter>
    </ClInclude>
    <ClInclude Include="include\ltfec\fec_core\block_xor.h">
      <Filter>Header Files</Filter>
    </ClInclude>
    <ClInclude Include="include\ltfec\pipeline\block_tracker.h">
      <Filter>Header Files</Filter>
    </ClInclude>
    <ClInclude Include="include\ltfec\util\uuid.h">
      <Filter>Header Files</Filter>
    </ClInclude>
    <ClInclude Include="include\ltfec\metrics\csv.h">
      <Filter>Header Files</Filter>
    </ClInclude>
    <ClInclude Include="include\ltfec\pipeline\fec_encoder.h">
      <Filter>Header Files</Filter>
    </ClInclude>
    <ClInclude Include="include\ltfec\pipeline\block_state.h">
      <Filter>Header Files</Filter>
    </ClInclude>
    <ClInclude Include="include\ltfec\pipeline\tx_block_assembler.h">
      <Filter>Header Files</Filter>
    </ClInclude>
    <ClInclude Include="include\ltfec\pipeline\policy.h">
      <Filter>Header Files</Filter>
    </ClInclude>
    <ClInclude Include="include\ltfec\pipeline\rx_block_table.h">
      <Filter>Header Files</Filter>
    </ClInclude>
    <ClInclude Include="include\ltfec\fec_core\gf256_decode.h">
      <Filter>Header Files</Filter>
    </ClInclude>
    <ClInclude Include="include\ltfec\metrics\schema.h">
      <Filter>Header Files</Filter>
    </ClInclude>
  </ItemGroup>
  <ItemGroup>
    <ClCompile Include="libfec.cpp">
      <Filter>Source Files</Filter>
    </ClCompile>
    <ClCompile Include="src\fec_core\xor_parity.cpp">
      <Filter>Source Files</Filter>
    </ClCompile>
    <ClCompile Include="src\metrics\csv.cpp">
      <Filter>Source Files</Filter>
    </ClCompile>
    <ClCompile Include="src\transport\udp_asio.cpp">
      <Filter>Source Files</Filter>
    </ClCompile>
    <ClCompile Include="src\util\crc32c.cpp">
      <Filter>Source Files</Filter>
    </ClCompile>
    <ClCompile Include="src\fec_core\block_xor.cpp">
      <Filter>Source Files</Filter>
    </ClCompile>
    <ClCompile Include="src\fec_core\gf256.cpp">
      <Filter>Source Files</Filter>
    </ClCompile>
    <ClCompile Include="src\pipeline\tx_block_assembler.cpp">
      <Filter>Source Files</Filter>
    </ClCompile>
    <ClCompile Include="src\pipeline\rx_block_table.cpp">
      <Filter>Source Files</Filter>
    </ClCompile>
    <ClCompile Include="src\fec_core\gf256_decode.cpp">
      <Filter>Source Files</Filter>
    </ClCompile>
  </ItemGroup>
</Project>